
Microsoft Visual Studio Solution File, Format Version 12.00
# Visual Studio Version 17
VisualStudioVersion = 17.4.33205.214
MinimumVisualStudioVersion = 10.0.40219.1
Project("{9A19103F-16F7-4668-BE54-9A1E7A4F7556}") = "MyNeuralNetwork", "MyNeuralNetwork\MyNeuralNetwork.csproj", "{BA062E85-57D2-4BFE-AD90-D417586BEE7A}"
EndProject
Project("{FAE04EC0-301F-11D3-BF4B-00C04F79EFBC}") = "WinFormsApp1", "WinFormsApp1\WinFormsApp1.csproj", "{640B1591-53B4-474A-8250-292CCE07D38E}"
EndProject
Project("{FAE04EC0-301F-11D3-BF4B-00C04F79EFBC}") = "ConsoleApp1", "ConsoleApp1\ConsoleApp1.csproj", "{189D1A0B-FF3D-45B4-8BCE-2CE3295870E5}"
EndProject
Global
	GlobalSection(SolutionConfigurationPlatforms) = preSolution
		Debug|Any CPU = Debug|Any CPU
		Release|Any CPU = Release|Any CPU
	EndGlobalSection
	GlobalSection(ProjectConfigurationPlatforms) = postSolution
		{BA062E85-57D2-4BFE-AD90-D417586BEE7A}.Debug|Any CPU.ActiveCfg = Debug|Any CPU
		{BA062E85-57D2-4BFE-AD90-D417586BEE7A}.Debug|Any CPU.Build.0 = Debug|Any CPU
		{BA062E85-57D2-4BFE-AD90-D417586BEE7A}.Release|Any CPU.ActiveCfg = Release|Any CPU
		{BA062E85-57D2-4BFE-AD90-D417586BEE7A}.Release|Any CPU.Build.0 = Release|Any CPU
		{640B1591-53B4-474A-8250-292CCE07D38E}.Debug|Any CPU.ActiveCfg = Debug|Any CPU
		{640B1591-53B4-474A-8250-292CCE07D38E}.Debug|Any CPU.Build.0 = Debug|Any CPU
		{640B1591-53B4-474A-8250-292CCE07D38E}.Release|Any CPU.ActiveCfg = Release|Any CPU
		{640B1591-53B4-474A-8250-292CCE07D38E}.Release|Any CPU.Build.0 = Release|Any CPU
		{189D1A0B-FF3D-45B4-8BCE-2CE3295870E5}.Debug|Any CPU.ActiveCfg = Debug|Any CPU
		{189D1A0B-FF3D-45B4-8BCE-2CE3295870E5}.Debug|Any CPU.Build.0 = Debug|Any CPU
		{189D1A0B-FF3D-45B4-8BCE-2CE3295870E5}.Release|Any CPU.ActiveCfg = Release|Any CPU
		{189D1A0B-FF3D-45B4-8BCE-2CE3295870E5}.Release|Any CPU.Build.0 = Release|Any CPU
	EndGlobalSection
	GlobalSection(SolutionProperties) = preSolution
		HideSolutionNode = FALSE
	EndGlobalSection
	GlobalSection(ExtensibilityGlobals) = postSolution
		SolutionGuid = {6B074769-8A75-4D76-8E06-D5203A365DA1}
	EndGlobalSection
EndGlobal
